
Microsoft Visual Studio Solution File, Format Version 12.00
# Visual Studio Version 17
VisualStudioVersion = 17.0.31903.59
MinimumVisualStudioVersion = 10.0.40219.1
Project("{2150E333-8FDC-42A3-9474-1A3956D46DE8}") = "src", "src", "{827E0CD3-B72D-47B6-A68D-7590B98EB39B}"
EndProject
Project("{2150E333-8FDC-42A3-9474-1A3956D46DE8}") = "Domain", "Domain", "{8B290487-4C16-E85E-E807-F579CBE9FC4D}"
EndProject
Project("{FAE04EC0-301F-11D3-BF4B-00C04F79EFBC}") = "VidSync.Domain", "src\Domain\VidSync.Domain\VidSync.Domain.csproj", "{226FB283-9074-4658-80D8-242C942030E8}"
EndProject
Project("{2150E333-8FDC-42A3-9474-1A3956D46DE8}") = "Infrastructure", "Infrastructure", "{9048EB7F-3875-A59E-E36B-5BD4C6F2A282}"
EndProject
Project("{FAE04EC0-301F-11D3-BF4B-00C04F79EFBC}") = "VidSync.Persistence", "src\Infrastructure\VidSync.Persistence\VidSync.Persistence.csproj", "{29339DBC-56C4-430D-AB1C-7C8F1EA15D7C}"
EndProject
Project("{2150E333-8FDC-42A3-9474-1A3956D46DE8}") = "Core", "Core", "{8D626EA8-CB54-BC41-363A-217881BEBA6E}"
EndProject
Project("{FAE04EC0-301F-11D3-BF4B-00C04F79EFBC}") = "VidSync.API", "src\Core\VidSync.API\VidSync.API.csproj", "{142F8007-9EA9-406A-9142-B503A78C8CDC}"
EndProject
Project("{FAE04EC0-301F-11D3-BF4B-00C04F79EFBC}") = "VidSync.Signaling", "src\Core\VidSync.Signaling\VidSync.Signaling.csproj", "{4789445D-C4C0-4661-AC72-6E7E0D896EFF}"
EndProject
Global
	GlobalSection(SolutionConfigurationPlatforms) = preSolution
		Debug|Any CPU = Debug|Any CPU
		Debug|x64 = Debug|x64
		Debug|x86 = Debug|x86
		Release|Any CPU = Release|Any CPU
		Release|x64 = Release|x64
		Release|x86 = Release|x86
	EndGlobalSection
	GlobalSection(ProjectConfigurationPlatforms) = postSolution
		{226FB283-9074-4658-80D8-242C942030E8}.Debug|Any CPU.ActiveCfg = Debug|Any CPU
		{226FB283-9074-4658-80D8-242C942030E8}.Debug|Any CPU.Build.0 = Debug|Any CPU
		{226FB283-9074-4658-80D8-242C942030E8}.Debug|x64.ActiveCfg = Debug|Any CPU
		{226FB283-9074-4658-80D8-242C942030E8}.Debug|x64.Build.0 = Debug|Any CPU
		{226FB283-9074-4658-80D8-242C942030E8}.Debug|x86.ActiveCfg = Debug|Any CPU
		{226FB283-9074-4658-80D8-242C942030E8}.Debug|x86.Build.0 = Debug|Any CPU
		{226FB283-9074-4658-80D8-242C942030E8}.Release|Any CPU.ActiveCfg = Release|Any CPU
		{226FB283-9074-4658-80D8-242C942030E8}.Release|Any CPU.Build.0 = Release|Any CPU
		{226FB283-9074-4658-80D8-242C942030E8}.Release|x64.ActiveCfg = Release|Any CPU
		{226FB283-9074-4658-80D8-242C942030E8}.Release|x64.Build.0 = Release|Any CPU
		{226FB283-9074-4658-80D8-242C942030E8}.Release|x86.ActiveCfg = Release|Any CPU
		{226FB283-9074-4658-80D8-242C942030E8}.Release|x86.Build.0 = Release|Any CPU
		{29339DBC-56C4-430D-AB1C-7C8F1EA15D7C}.Debug|Any CPU.ActiveCfg = Debug|Any CPU
		{29339DBC-56C4-430D-AB1C-7C8F1EA15D7C}.Debug|Any CPU.Build.0 = Debug|Any CPU
		{29339DBC-56C4-430D-AB1C-7C8F1EA15D7C}.Debug|x64.ActiveCfg = Debug|Any CPU
		{29339DBC-56C4-430D-AB1C-7C8F1EA15D7C}.Debug|x64.Build.0 = Debug|Any CPU
		{29339DBC-56C4-430D-AB1C-7C8F1EA15D7C}.Debug|x86.ActiveCfg = Debug|Any CPU
		{29339DBC-56C4-430D-AB1C-7C8F1EA15D7C}.Debug|x86.Build.0 = Debug|Any CPU
		{29339DBC-56C4-430D-AB1C-7C8F1EA15D7C}.Release|Any CPU.ActiveCfg = Release|Any CPU
		{29339DBC-56C4-430D-AB1C-7C8F1EA15D7C}.Release|Any CPU.Build.0 = Release|Any CPU
		{29339DBC-56C4-430D-AB1C-7C8F1EA15D7C}.Release|x64.ActiveCfg = Release|Any CPU
		{29339DBC-56C4-430D-AB1C-7C8F1EA15D7C}.Release|x64.Build.0 = Release|Any CPU
		{29339DBC-56C4-430D-AB1C-7C8F1EA15D7C}.Release|x86.ActiveCfg = Release|Any CPU
		{29339DBC-56C4-430D-AB1C-7C8F1EA15D7C}.Release|x86.Build.0 = Release|Any CPU
		{142F8007-9EA9-406A-9142-B503A78C8CDC}.Debug|Any CPU.ActiveCfg = Debug|Any CPU
		{142F8007-9EA9-406A-9142-B503A78C8CDC}.Debug|Any CPU.Build.0 = Debug|Any CPU
		{142F8007-9EA9-406A-9142-B503A78C8CDC}.Debug|x64.ActiveCfg = Debug|Any CPU
		{142F8007-9EA9-406A-9142-B503A78C8CDC}.Debug|x64.Build.0 = Debug|Any CPU
		{142F8007-9EA9-406A-9142-B503A78C8CDC}.Debug|x86.ActiveCfg = Debug|Any CPU
		{142F8007-9EA9-406A-9142-B503A78C8CDC}.Debug|x86.Build.0 = Debug|Any CPU
		{142F8007-9EA9-406A-9142-B503A78C8CDC}.Release|Any CPU.ActiveCfg = Release|Any CPU
		{142F8007-9EA9-406A-9142-B503A78C8CDC}.Release|Any CPU.Build.0 = Release|Any CPU
		{142F8007-9EA9-406A-9142-B503A78C8CDC}.Release|x64.ActiveCfg = Release|Any CPU
		{142F8007-9EA9-406A-9142-B503A78C8CDC}.Release|x64.Build.0 = Release|Any CPU
		{142F8007-9EA9-406A-9142-B503A78C8CDC}.Release|x86.ActiveCfg = Release|Any CPU
		{142F8007-9EA9-406A-9142-B503A78C8CDC}.Release|x86.Build.0 = Release|Any CPU
		{4789445D-C4C0-4661-AC72-6E7E0D896EFF}.Debug|Any CPU.ActiveCfg = Debug|Any CPU
		{4789445D-C4C0-4661-AC72-6E7E0D896EFF}.Debug|Any CPU.Build.0 = Debug|Any CPU
		{4789445D-C4C0-4661-AC72-6E7E0D896EFF}.Debug|x64.ActiveCfg = Debug|Any CPU
		{4789445D-C4C0-4661-AC72-6E7E0D896EFF}.Debug|x64.Build.0 = Debug|Any CPU
		{4789445D-C4C0-4661-AC72-6E7E0D896EFF}.Debug|x86.ActiveCfg = Debug|Any CPU
		{4789445D-C4C0-4661-AC72-6E7E0D896EFF}.Debug|x86.Build.0 = Debug|Any CPU
		{4789445D-C4C0-4661-AC72-6E7E0D896EFF}.Release|Any CPU.ActiveCfg = Release|Any CPU
		{4789445D-C4C0-4661-AC72-6E7E0D896EFF}.Release|Any CPU.Build.0 = Release|Any CPU
		{4789445D-C4C0-4661-AC72-6E7E0D896EFF}.Release|x64.ActiveCfg = Release|Any CPU
		{4789445D-C4C0-4661-AC72-6E7E0D896EFF}.Release|x64.Build.0 = Release|Any CPU
		{4789445D-C4C0-4661-AC72-6E7E0D896EFF}.Release|x86.ActiveCfg = Release|Any CPU
		{4789445D-C4C0-4661-AC72-6E7E0D896EFF}.Release|x86.Build.0 = Release|Any CPU
	EndGlobalSection
	GlobalSection(SolutionProperties) = preSolution
		HideSolutionNode = FALSE
	EndGlobalSection
	GlobalSection(NestedProjects) = preSolution
		{8B290487-4C16-E85E-E807-F579CBE9FC4D} = {827E0CD3-B72D-47B6-A68D-7590B98EB39B}
		{226FB283-9074-4658-80D8-242C942030E8} = {8B290487-4C16-E85E-E807-F579CBE9FC4D}
		{9048EB7F-3875-A59E-E36B-5BD4C6F2A282} = {827E0CD3-B72D-47B6-A68D-7590B98EB39B}
		{29339DBC-56C4-430D-AB1C-7C8F1EA15D7C} = {9048EB7F-3875-A59E-E36B-5BD4C6F2A282}
		{8D626EA8-CB54-BC41-363A-217881BEBA6E} = {827E0CD3-B72D-47B6-A68D-7590B98EB39B}
		{142F8007-9EA9-406A-9142-B503A78C8CDC} = {8D626EA8-CB54-BC41-363A-217881BEBA6E}
		{4789445D-C4C0-4661-AC72-6E7E0D896EFF} = {8D626EA8-CB54-BC41-363A-217881BEBA6E}
	EndGlobalSection
EndGlobal
